{
  "name": "anatomiya",
  "lockfileVersion": 3,
  "requires": true,
  "packages": {
    "": {
      "name": "anatomiya",
      "license": "MIT",
      "workspaces": [
        "plugins/*"
      ],
      "engines": {
        "node": ">=22"
      }
    },
    "node_modules/@oxc-parser/binding-android-arm-eabi": {
      "version": "0.149.0",
      "resolved": "https://registry.npmjs.org/@oxc-parser/binding-android-arm-eabi/-/binding-android-arm-eabi-0.149.0.tgz",
      "integrity": "sha512-OQmN5XYQ/GNRkbU0Ksb2QSaHOgKWhFw7Bz6lJvANBdwVkLzTlcHXDLj62XrNPtUf3pDxRBr7OoHJrKhHYOb9iA==",
      "cpu": [
        "arm"
      ],
      "license": "MIT",
      "optional": true,
      "os": [
        "android"
      ],
      "engines": {
        "node": "^20.19.0 || >=22.12.0"
      }
    },
    "node_modules/@oxc-parser/binding-android-arm64": {
      "version": "0.149.0",
      "resolved": "https://registry.npmjs.org/@oxc-parser/binding-android-arm64/-/binding-android-arm64-0.149.0.tgz",
      "integrity": "sha512-M7nHwfHY2Xv5Rm1iygvyOTPXrD4d5WRVw+C8eItLwoipzQBnkUMmwh3jvuGLBio2BGetfIH0F7J3Afb1Qn9dJg==",
      "cpu": [
        "arm64"
      ],
      "license": "MIT",
      "optional": true,
      "os": [
        "android"
      ],
      "engines": {
        "node": "^20.19.0 || >=22.12.0"
      }
    },
    "node_modules/@oxc-parser/binding-darwin-arm64": {
      "version": "0.149.0",
      "resolved": "https://registry.npmjs.org/@oxc-parser/binding-darwin-arm64/-/binding-darwin-arm64-0.149.0.tgz",
      "integrity": "sha512-h6NrhqRAVKbgzfShjHoBgjeJ1vQR2o6iNM6/t8JCSej1XRKJyraV08Zz7ey6SsjPzof4ecp48Upg2vidqoDgtQ==",
      "cpu": [
        "arm64"
      ],
      "license": "MIT",
      "optional": true,
      "os": [
        "darwin"
      ],
      "engines": {
        "node": "^20.19.0 || >=22.12.0"
      }
    },
    "node_modules/@oxc-parser/binding-darwin-x64": {
      "version": "0.149.0",
      "resolved": "https://registry.npmjs.org/@oxc-parser/binding-darwin-x64/-/binding-darwin-x64-0.149.0.tgz",
      "integrity": "sha512-+WRRZeFYqVznJEEttiWNcI43Ij2iD0yphmMFkAuKNOQTyXQ+lLCAVW6aVLOD6nPO6FOymW7HtDh5KmnxZPi/2A==",
      "cpu": [
        "x64"
      ],
      "license": "MIT",
      "optional": true,
      "os": [
        "darwin"
      ],
      "engines": {
        "node": "^20.19.0 || >=22.12.0"
      }
    },
    "node_modules/@oxc-parser/binding-freebsd-x64": {
      "version": "0.149.0",
      "resolved": "https://registry.npmjs.org/@oxc-parser/binding-freebsd-x64/-/binding-freebsd-x64-0.149.0.tgz",
      "integrity": "sha512-kG0YUZj/4hdHBQDtIr2UZ7Nyxy3M5Et+w3A0V0eefRgtQWE4wJrNflBJMJfwFPiwMLPlPL6qJR+5JdeIqhzW/g==",
      "cpu": [
        "x64"
      ],
      "license": "MIT",
      "optional": true,
      "os": [
        "freebsd"
      ],
      "engines": {
        "node": "^20.19.0 || >=22.12.0"
      }
    },
    "node_modules/@oxc-parser/binding-linux-arm-gnueabihf": {
      "version": "0.149.0",
      "resolved": "https://registry.npmjs.org/@oxc-parser/binding-linux-arm-gnueabihf/-/binding-linux-arm-gnueabihf-0.149.0.tgz",
      "integrity": "sha512-gOD5NhD8DG7aJ8CLZ+ve5xoDq0y0J0zKZSfkfMGfk96XLhu21IzSFvjpEvVUGodD7Yyy3Tr9rNdiPEdZjkuRqQ==",
      "cpu": [
        "arm"
      ],
      "license": "MIT",
      "optional": true,
      "os": [
        "linux"
      ],
      "engines": {
        "node": "^20.19.0 || >=22.12.0"
      }
    },
    "node_modules/@oxc-parser/binding-linux-arm-musleabihf": {
      "version": "0.149.0",
      "resolved": "https://registry.npmjs.org/@oxc-parser/binding-linux-arm-musleabihf/-/binding-linux-arm-musleabihf-0.149.0.tgz",
      "integrity": "sha512-UtPYQkciY1NzYRtfKBopYfOjSxPFFVyprs0iH+Z5KZKNv9at/71pGd2KNrlmALhRcNocnxEsc+KuhY3nUlhIxg==",
      "cpu": [
        "arm"
      ],
      "license": "MIT",
      "optional": true,
      "os": [
        "linux"
      ],
      "engines": {
        "node": "^20.19.0 || >=22.12.0"
      }
    },
    "node_modules/@oxc-parser/binding-linux-arm64-gnu": {
      "version": "0.149.0",
      "resolved": "https://registry.npmjs.org/@oxc-parser/binding-linux-arm64-gnu/-/binding-linux-arm64-gnu-0.149.0.tgz",
      "integrity": "sha512-3jWkwykjJJegMD+5dU9n30mzwvTLi99fkUqHU9Pqdzw3fIVfyn6ZnjOl8l053jogr0BGQPxagTjIKBksp288eQ==",
      "cpu": [
        "arm64"
      ],
      "license": "MIT",
      "optional": true,
      "os": [
        "linux"
      ],
      "engines": {
        "node": "^20.19.0 || >=22.12.0"
      }
    },
    "node_modules/@oxc-parser/binding-linux-arm64-musl": {
      "version": "0.149.0",
      "resolved": "https://registry.npmjs.org/@oxc-parser/binding-linux-arm64-musl/-/binding-linux-arm64-musl-0.149.0.tgz",
      "integrity": "sha512-H7n8zPxnLVI0pkutAxyXJNE/IaCuCJS6ghgv2cl8IDIgXCDZWjG/Bs8rF8BHKQ9gsOpA4m+T4lFaFAdnGuk/cw==",
      "cpu": [
        "arm64"
      ],
      "license": "MIT",
      "optional": true,
      "os": [
        "linux"
      ],
      "engines": {
        "node": "^20.19.0 || >=22.12.0"
      }
    },
    "node_modules/@oxc-parser/binding-linux-ppc64-gnu": {
      "version": "0.149.0",
      "resolved": "https://registry.npmjs.org/@oxc-parser/binding-linux-ppc64-gnu/-/binding-linux-ppc64-gnu-0.149.0.tgz",
      "integrity": "sha512-aByOTCdLYp8FjwAUUmN7YYjAmPJ/9t0I1ACuhAkYun87fajIHbwuZ/opaBk0Pnfxzp2vYyD8hdG8OQWEglP5oA==",
      "cpu": [
        "ppc64"
      ],
      "license": "MIT",
      "optional": true,
      "os": [
        "linux"
      ],
      "engines": {
        "node": "^20.19.0 || >=22.12.0"
      }
    },
    "node_modules/@oxc-parser/binding-linux-riscv64-gnu": {
      "version": "0.149.0",
      "resolved": "https://registry.npmjs.org/@oxc-parser/binding-linux-riscv64-gnu/-/binding-linux-riscv64-gnu-0.149.0.tgz",
      "integrity": "sha512-SAdNs+uxMRBLPM6QuLlOxzE4duWia4EMhqGknsJS2EGnWni7i53gSZhaW3VYPxaP8nk/UsMQxMODIFwBHbRWcQ==",
      "cpu": [
        "riscv64"
      ],
      "license": "MIT",
      "optional": true,
      "os": [
        "linux"
      ],
      "engines": {
        "node": "^20.19.0 || >=22.12.0"
      }
    },
    "node_modules/@oxc-parser/binding-linux-riscv64-musl": {
      "version": "0.149.0",
      "resolved": "https://registry.npmjs.org/@oxc-parser/binding-linux-riscv64-musl/-/binding-linux-riscv64-musl-0.149.0.tgz",
      "integrity": "sha512-RhmzD62QNtMjuBAeKJ15gzyNRv06Yz1ZFi6lgTiA5S3ixkrSMPJWIPGyqdlC4XiWxwAW9W4jeQNV4/Om9V27gA==",
      "cpu": [
        "riscv64"
      ],
      "license": "MIT",
      "optional": true,
      "os": [
        "linux"
      ],
      "engines": {
        "node": "^20.19.0 || >=22.12.0"
      }
    },
    "node_modules/@oxc-parser/binding-linux-s390x-gnu": {
      "version": "0.149.0",
      "resolved": "https://registry.npmjs.org/@oxc-parser/binding-linux-s390x-gnu/-/binding-linux-s390x-gnu-0.149.0.tgz",
      "integrity": "sha512-HqEExoeKhlfUacdhj7KEe1m93B1SzCUkF88c1qLQR5Km6GPSoMHMIjK7qmRXLzjsO+ipSTWVsnYMVG0j2/mxNA==",
      "cpu": [
        "s390x"
      ],
      "license": "MIT",
      "optional": true,
      "os": [
        "linux"
      ],
      "engines": {
        "node": "^20.19.0 || >=22.12.0"
      }
    },
    "node_modules/@oxc-parser/binding-linux-x64-gnu": {
      "version": "0.149.0",
      "resolved": "https://registry.npmjs.org/@oxc-parser/binding-linux-x64-gnu/-/binding-linux-x64-gnu-0.149.0.tgz",
      "integrity": "sha512-FuAv1J7GoSkmxg5glvzlHA88Ld7dOIg23VdAsVLngPZN/ZjZPtCaBZDby1GPn63Yj+7h47/wbcd7i1p2UJTeNQ==",
      "cpu": [
        "x64"
      ],
      "license": "MIT",
      "optional": true,
      "os": [
        "linux"
      ],
      "engines": {
        "node": "^20.19.0 || >=22.12.0"
      }
    },
    "node_modules/@oxc-parser/binding-linux-x64-musl": {
      "version": "0.149.0",
      "resolved": "https://registry.npmjs.org/@oxc-parser/binding-linux-x64-musl/-/binding-linux-x64-musl-0.149.0.tgz",
      "integrity": "sha512-KDFOVgjMIOiMiRUw+jZlAIEZZFG0WgGk+adcldjc+/qz0/kvobnYJqDqNX0+REJbSpSsM1Knj0zrEGTQ6WTIng==",
      "cpu": [
        "x64"
      ],
      "license": "MIT",
      "optional": true,
      "os": [
        "linux"
      ],
      "engines": {
        "node": "^20.19.0 || >=22.12.0"
      }
    },
    "node_modules/@oxc-parser/binding-openharmony-arm64": {
      "version": "0.149.0",
      "resolved": "https://registry.npmjs.org/@oxc-parser/binding-openharmony-arm64/-/binding-openharmony-arm64-0.149.0.tgz",
      "integrity": "sha512-O3O+ZBhGEUhtbDXFWRMTuOCBg+fC2hf1wrtZBrd3VJUtV/MDd1LCwZXIHY2nMCnh9Akgjay965pBok2h5AXN0A==",
      "cpu": [
        "arm64"
      ],
      "license": "MIT",
      "optional": true,
      "os": [
        "openharmony"
      ],
      "engines": {
        "node": "^20.19.0 || >=22.12.0"
      }
    },
    "node_modules/@oxc-parser/binding-win32-arm64-msvc": {
      "version": "0.149.0",
      "resolved": "https://registry.npmjs.org/@oxc-parser/binding-win32-arm64-msvc/-/binding-win32-arm64-msvc-0.149.0.tgz",
      "integrity": "sha512-9hMvs3GZESAcbUGU3mqXFWRLgBd8TLeosNYfHusHp/hrBnk5lIP2nJtark3hZ6qT+lqSdS79sH8NoWHj1x9iUw==",
      "cpu": [
        "arm64"
      ],
      "license": "MIT",
      "optional": true,
      "os": [
        "win32"
      ],
      "engines": {
        "node": "^20.19.0 || >=22.12.0"
      }
    },
    "node_modules/@oxc-parser/binding-win32-ia32-msvc": {
      "version": "0.149.0",
      "resolved": "https://registry.npmjs.org/@oxc-parser/binding-win32-ia32-msvc/-/binding-win32-ia32-msvc-0.149.0.tgz",
      "integrity": "sha512-8hQaS1Urc1NnlutDfhQ+DwijRALGLY+AmqJSBHV4OmyPZDoqgtkmjTHl2tsTLK6PETe6PbIJLKmXcpJuqkf8Lw==",
      "cpu": [
        "ia32"
      ],
      "license": "MIT",
      "optional": true,
      "os": [
        "win32"
      ],
      "engines": {
        "node": "^20.19.0 || >=22.12.0"
      }
    },
    "node_modules/@oxc-parser/binding-win32-x64-msvc": {
      "version": "0.149.0",
      "resolved": "https://registry.npmjs.org/@oxc-parser/binding-win32-x64-msvc/-/binding-win32-x64-msvc-0.149.0.tgz",
      "integrity": "sha512-xFqDgKSKdY0m2EtHQL7uMuknuEGnvbtxkWllGle5hmhVe5xn5XZ0Zb9iViAsItFAf0CjSiZ5er3XqqAlr5oARA==",
      "cpu": [
        "x64"
      ],
      "license": "MIT",
      "optional": true,
      "os": [
        "win32"
      ],
      "engines": {
        "node": "^20.19.0 || >=22.12.0"
      }
    },
    "node_modules/@oxc-project/types": {
      "version": "0.149.0",
      "resolved": "https://registry.npmjs.org/@oxc-project/types/-/types-0.149.0.tgz",
      "integrity": "sha512-Efcc+iF0j3Bf67YjEqIqWXbX5XddXoK/Mw4K1/JuXwRCZ8N16VR7iT23nlCc9XrveFVh/E5Rqs2StT0V8v9LdA==",
      "license": "MIT",
      "funding": {
        "url": "https://github.com/sponsors/oxc-project"
      }
    },
    "node_modules/anatomiya": {
      "resolved": "plugins/anatomiya",
      "link": true
    },
    "node_modules/flow-remove-types": {
      "version": "2.331.0",
      "resolved": "https://registry.npmjs.org/flow-remove-types/-/flow-remove-types-2.331.0.tgz",
      "integrity": "sha512-Kwimbgq6GXtV3bcW/+1apsHSHV0Gc/mgL48il5nEltWYEEHpPcJKbI9h5YaBQeRWYblnymbNPgozru6Q1LQncA==",
      "license": "MIT",
      "dependencies": {
        "hermes-parser": "0.36.1",
        "pirates": "^3.0.2",
        "vlq": "^0.2.1"
      },
      "bin": {
        "flow-node": "flow-node",
        "flow-remove-types": "flow-remove-types"
      },
      "engines": {
        "node": ">=4"
      }
    },
    "node_modules/hermes-estree": {
      "version": "0.36.1",
      "resolved": "https://registry.npmjs.org/hermes-estree/-/hermes-estree-0.36.1.tgz",
      "integrity": "sha512-guv1nQ6IJ7S83NRFPWc3SA7IBZrdNC9kapwOq6uXvF4wP+sDCgjzQbKPCoyYmoyZRzztF/n/c36l/rccCZSiCw==",
      "license": "MIT"
    },
    "node_modules/hermes-parser": {
      "version": "0.36.1",
      "resolved": "https://registry.npmjs.org/hermes-parser/-/hermes-parser-0.36.1.tgz",
      "integrity": "sha512-GApNk4zLHi2UWoWZZkx7LNCOSzLSc5lB55pZ/PhK7ycFeg7u5LcF88p/WbpIi1XUDtE0MpHE3uRR3u3KB7TjSQ==",
      "license": "MIT",
      "dependencies": {
        "hermes-estree": "0.36.1"
      }
    },
    "node_modules/node-modules-regexp": {
      "version": "1.0.0",
      "resolved": "https://registry.npmjs.org/node-modules-regexp/-/node-modules-regexp-1.0.0.tgz",
      "integrity": "sha512-JMaRS9L4wSRIR+6PTVEikTrq/lMGEZR43a48ETeilY0Q0iMwVnccMFrUM1k+tNzmYuIU0Vh710bCUqHX+/+ctQ==",
      "license": "MIT",
      "engines": {
        "node": ">=0.10.0"
      }
    },
    "node_modules/oxc-parser": {
      "version": "0.149.0",
      "resolved": "https://registry.npmjs.org/oxc-parser/-/oxc-parser-0.149.0.tgz",
      "integrity": "sha512-iuirONeHJBp6dFuuZKvkCfFvBiF0uFmojIQooGtazR9+GvcwoayGMtal1+cvDUnEw2k435GBish01HOn5iyVqQ==",
      "license": "MIT",
      "dependencies": {
        "@oxc-project/types": "^0.149.0"
      },
      "engines": {
        "node": "^20.19.0 || >=22.12.0"
      },
      "funding": {
        "url": "https://github.com/sponsors/oxc-project"
      },
      "optionalDependencies": {
        "@oxc-parser/binding-android-arm-eabi": "0.149.0",
        "@oxc-parser/binding-android-arm64": "0.149.0",
        "@oxc-parser/binding-darwin-arm64": "0.149.0",
        "@oxc-parser/binding-darwin-x64": "0.149.0",
        "@oxc-parser/binding-freebsd-x64": "0.149.0",
        "@oxc-parser/binding-linux-arm-gnueabihf": "0.149.0",
        "@oxc-parser/binding-linux-arm-musleabihf": "0.149.0",
        "@oxc-parser/binding-linux-arm64-gnu": "0.149.0",
        "@oxc-parser/binding-linux-arm64-musl": "0.149.0",
        "@oxc-parser/binding-linux-ppc64-gnu": "0.149.0",
        "@oxc-parser/binding-linux-riscv64-gnu": "0.149.0",
        "@oxc-parser/binding-linux-riscv64-musl": "0.149.0",
        "@oxc-parser/binding-linux-s390x-gnu": "0.149.0",
        "@oxc-parser/binding-linux-x64-gnu": "0.149.0",
        "@oxc-parser/binding-linux-x64-musl": "0.149.0",
        "@oxc-parser/binding-openharmony-arm64": "0.149.0",
        "@oxc-parser/binding-win32-arm64-msvc": "0.149.0",
        "@oxc-parser/binding-win32-ia32-msvc": "0.149.0",
        "@oxc-parser/binding-win32-x64-msvc": "0.149.0"
      }
    },
    "node_modules/pirates": {
      "version": "3.0.2",
      "resolved": "https://registry.npmjs.org/pirates/-/pirates-3.0.2.tgz",
      "integrity": "sha512-c5CgUJq6H2k6MJz72Ak1F5sN9n9wlSlJyEnwvpm9/y3WB4E3pHBDT2c6PEiS1vyJvq2bUxUAIu0EGf8Cx4Ic7Q==",
      "license": "MIT",
      "dependencies": {
        "node-modules-regexp": "^1.0.0"
      },
      "engines": {
        "node": ">= 4"
      }
    },
    "node_modules/typescript": {
      "version": "5.9.3",
      "resolved": "https://registry.npmjs.org/typescript/-/typescript-5.9.3.tgz",
      "integrity": "sha512-jl1vZzPDinLr9eUt3J/t7V6FgNEw9QjvBPdysz9KfQDD41fQrC2Y4vKQdiaUpFT4bXlb1RHhLpp8wtm6M5TgSw==",
      "license": "Apache-2.0",
      "optional": true,
      "bin": {
        "tsc": "bin/tsc",
        "tsserver": "bin/tsserver"
      },
      "engines": {
        "node": ">=14.17"
      }
    },
    "node_modules/vlq": {
      "version": "0.2.3",
      "resolved": "https://registry.npmjs.org/vlq/-/vlq-0.2.3.tgz",
      "integrity": "sha512-DRibZL6DsNhIgYQ+wNdWDL2SL3bKPlVrRiBqV5yuMm++op8W4kGFtaQfCs4KEJn0wBZcHVHJ3eoywX8983k1ow==",
      "license": "MIT"
    },
    "plugins/anatomiya": {
      "version": "0.10.1",
      "license": "MIT",
      "dependencies": {
        "flow-remove-types": "^2.329.0",
        "oxc-parser": "^0.149.0"
      },
      "engines": {
        "node": ">=22"
      },
      "optionalDependencies": {
        "typescript": "^5.9.3"
      }
    }
  }
}
