{
  "name": "anatomiya",
  "lockfileVersion": 3,
  "requires": true,
  "packages": {
    "": {
      "name": "anatomiya",
      "license": "MIT",
      "workspaces": [
        "plugins/*"
      ],
      "devDependencies": {
        "ignore": "7.0.5"
      },
      "engines": {
        "node": ">=22"
      }
    },
    "node_modules/@oxc-parser/binding-android-arm-eabi": {
      "version": "0.151.0",
      "resolved": "https://registry.npmjs.org/@oxc-parser/binding-android-arm-eabi/-/binding-android-arm-eabi-0.151.0.tgz",
      "integrity": "sha512-QLfrdT2XmHMo8krBiKHtnTtU2ugxruwnIWMcIl5qpCRV9KPZk1s2YZzSHkIjzabLxG6/1yOoDLvqfS3TrJhfWA==",
      "cpu": [
        "arm"
      ],
      "license": "MIT",
      "optional": true,
      "os": [
        "android"
      ],
      "engines": {
        "node": "^20.19.0 || >=22.12.0"
      }
    },
    "node_modules/@oxc-parser/binding-android-arm64": {
      "version": "0.151.0",
      "resolved": "https://registry.npmjs.org/@oxc-parser/binding-android-arm64/-/binding-android-arm64-0.151.0.tgz",
      "integrity": "sha512-APzs9QxkLGR85I6Slb93Onsd+9ZdR+PdKIy0g8oOuipiBRtXbEE3PW1QpRn3O2C9dCsfAC8+t7dWGRyByiTqJQ==",
      "cpu": [
        "arm64"
      ],
      "license": "MIT",
      "optional": true,
      "os": [
        "android"
      ],
      "engines": {
        "node": "^20.19.0 || >=22.12.0"
      }
    },
    "node_modules/@oxc-parser/binding-darwin-arm64": {
      "version": "0.151.0",
      "resolved": "https://registry.npmjs.org/@oxc-parser/binding-darwin-arm64/-/binding-darwin-arm64-0.151.0.tgz",
      "integrity": "sha512-uPj085g+2TcYKm4LrPOF6mU/ilb48ghAfLMA+YIxaSAasgDAXO0c5UMjRrB9L59A1aMU9fvPtCGoW9cov9UtFQ==",
      "cpu": [
        "arm64"
      ],
      "license": "MIT",
      "optional": true,
      "os": [
        "darwin"
      ],
      "engines": {
        "node": "^20.19.0 || >=22.12.0"
      }
    },
    "node_modules/@oxc-parser/binding-darwin-x64": {
      "version": "0.151.0",
      "resolved": "https://registry.npmjs.org/@oxc-parser/binding-darwin-x64/-/binding-darwin-x64-0.151.0.tgz",
      "integrity": "sha512-gqOyGZsEX9r8i37ONL2X8heUKCbTAY3UvaWlEJKPJYdgaYoIAXSuZrG27legT+0e4m0X/53RupoH6lfbxtMiMw==",
      "cpu": [
        "x64"
      ],
      "license": "MIT",
      "optional": true,
      "os": [
        "darwin"
      ],
      "engines": {
        "node": "^20.19.0 || >=22.12.0"
      }
    },
    "node_modules/@oxc-parser/binding-freebsd-x64": {
      "version": "0.151.0",
      "resolved": "https://registry.npmjs.org/@oxc-parser/binding-freebsd-x64/-/binding-freebsd-x64-0.151.0.tgz",
      "integrity": "sha512-Uih9lYFoB9k87b8jZ2263b8/HC0AuCQo9qPfu14KjoDmC7AmGvo4pCLiuEVVHjQycUjTO2dNtG39MIGUuCOx3A==",
      "cpu": [
        "x64"
      ],
      "license": "MIT",
      "optional": true,
      "os": [
        "freebsd"
      ],
      "engines": {
        "node": "^20.19.0 || >=22.12.0"
      }
    },
    "node_modules/@oxc-parser/binding-linux-arm-gnueabihf": {
      "version": "0.151.0",
      "resolved": "https://registry.npmjs.org/@oxc-parser/binding-linux-arm-gnueabihf/-/binding-linux-arm-gnueabihf-0.151.0.tgz",
      "integrity": "sha512-BW9ryFV0V7h37xAEpb1rx+jI/ArFjXlSvJ2CaPwqxCj+kcJdDMvt5/PpWLRRk56UpNpxpq/5+puTUd0/4OPCZw==",
      "cpu": [
        "arm"
      ],
      "license": "MIT",
      "optional": true,
      "os": [
        "linux"
      ],
      "engines": {
        "node": "^20.19.0 || >=22.12.0"
      }
    },
    "node_modules/@oxc-parser/binding-linux-arm-musleabihf": {
      "version": "0.151.0",
      "resolved": "https://registry.npmjs.org/@oxc-parser/binding-linux-arm-musleabihf/-/binding-linux-arm-musleabihf-0.151.0.tgz",
      "integrity": "sha512-68zJuPgiFpZ9FF5WgpJiE9cukBZVNv79Yod2VV/wJLaiws+abCEfcxwVEH0608a7E/0zOO1Pj2iY7UrnUS8ydg==",
      "cpu": [
        "arm"
      ],
      "license": "MIT",
      "optional": true,
      "os": [
        "linux"
      ],
      "engines": {
        "node": "^20.19.0 || >=22.12.0"
      }
    },
    "node_modules/@oxc-parser/binding-linux-arm64-gnu": {
      "version": "0.151.0",
      "resolved": "https://registry.npmjs.org/@oxc-parser/binding-linux-arm64-gnu/-/binding-linux-arm64-gnu-0.151.0.tgz",
      "integrity": "sha512-s/CCfZQcqoRo4Ij7ML43Yhe+gJZU7zmudd6StA0T9WDFPLaiWMoBlPRmoS39jPpODxPwI/6yPoiyjKOMNzSqCg==",
      "cpu": [
        "arm64"
      ],
      "license": "MIT",
      "optional": true,
      "os": [
        "linux"
      ],
      "engines": {
        "node": "^20.19.0 || >=22.12.0"
      }
    },
    "node_modules/@oxc-parser/binding-linux-arm64-musl": {
      "version": "0.151.0",
      "resolved": "https://registry.npmjs.org/@oxc-parser/binding-linux-arm64-musl/-/binding-linux-arm64-musl-0.151.0.tgz",
      "integrity": "sha512-QSjn7WWZNGDTRlMT0SUGDHZNI9XOhGXWdqhL/FuDR/nh0MOqGQT8OHGBy95mZHne4WvoS0OgnUl/+55u07yBiQ==",
      "cpu": [
        "arm64"
      ],
      "license": "MIT",
      "optional": true,
      "os": [
        "linux"
      ],
      "engines": {
        "node": "^20.19.0 || >=22.12.0"
      }
    },
    "node_modules/@oxc-parser/binding-linux-ppc64-gnu": {
      "version": "0.151.0",
      "resolved": "https://registry.npmjs.org/@oxc-parser/binding-linux-ppc64-gnu/-/binding-linux-ppc64-gnu-0.151.0.tgz",
      "integrity": "sha512-RnvhC+cOND1dsNqbsirtZa9IWVJCCnxIZxs7nAvW0ZFjqqofwKbR3+TNKPqx2eASRC6+b78rZMLiNbDeDUp8+w==",
      "cpu": [
        "ppc64"
      ],
      "license": "MIT",
      "optional": true,
      "os": [
        "linux"
      ],
      "engines": {
        "node": "^20.19.0 || >=22.12.0"
      }
    },
    "node_modules/@oxc-parser/binding-linux-riscv64-gnu": {
      "version": "0.151.0",
      "resolved": "https://registry.npmjs.org/@oxc-parser/binding-linux-riscv64-gnu/-/binding-linux-riscv64-gnu-0.151.0.tgz",
      "integrity": "sha512-fpwItfDNVDgXOMV6GdMHD3QV3NdYWhwDH0E8BRuYNeQyUKchb8sNLvAQg+g1HxENvrYjiLqLWAafOja44/sLig==",
      "cpu": [
        "riscv64"
      ],
      "license": "MIT",
      "optional": true,
      "os": [
        "linux"
      ],
      "engines": {
        "node": "^20.19.0 || >=22.12.0"
      }
    },
    "node_modules/@oxc-parser/binding-linux-riscv64-musl": {
      "version": "0.151.0",
      "resolved": "https://registry.npmjs.org/@oxc-parser/binding-linux-riscv64-musl/-/binding-linux-riscv64-musl-0.151.0.tgz",
      "integrity": "sha512-fKchmw5aUlZem7uZZfxsQAl53cFiGWrAKhwjYxvJFiBPQyC9CZ2P7Qhv9unDJSezChu6iJ6XGQWQnRUyLp7j5g==",
      "cpu": [
        "riscv64"
      ],
      "license": "MIT",
      "optional": true,
      "os": [
        "linux"
      ],
      "engines": {
        "node": "^20.19.0 || >=22.12.0"
      }
    },
    "node_modules/@oxc-parser/binding-linux-s390x-gnu": {
      "version": "0.151.0",
      "resolved": "https://registry.npmjs.org/@oxc-parser/binding-linux-s390x-gnu/-/binding-linux-s390x-gnu-0.151.0.tgz",
      "integrity": "sha512-vDtxikQV1AixMY5pFAW5tDtGHmoexjGpEgtmPBAF3tXvEubm9KucxV0CxtuAIGEZ1aGyvZ74Hfryb7Vvq52F3Q==",
      "cpu": [
        "s390x"
      ],
      "license": "MIT",
      "optional": true,
      "os": [
        "linux"
      ],
      "engines": {
        "node": "^20.19.0 || >=22.12.0"
      }
    },
    "node_modules/@oxc-parser/binding-linux-x64-gnu": {
      "version": "0.151.0",
      "resolved": "https://registry.npmjs.org/@oxc-parser/binding-linux-x64-gnu/-/binding-linux-x64-gnu-0.151.0.tgz",
      "integrity": "sha512-JHB/TuPCUdnkMq9RXB7C/SZuauJUp1EYHi5DaH7ge7uNlCY4AOhc0QeWOjo2rj308+NjxgTwminglWpqlllAig==",
      "cpu": [
        "x64"
      ],
      "license": "MIT",
      "optional": true,
      "os": [
        "linux"
      ],
      "engines": {
        "node": "^20.19.0 || >=22.12.0"
      }
    },
    "node_modules/@oxc-parser/binding-linux-x64-musl": {
      "version": "0.151.0",
      "resolved": "https://registry.npmjs.org/@oxc-parser/binding-linux-x64-musl/-/binding-linux-x64-musl-0.151.0.tgz",
      "integrity": "sha512-rkoZa4Wv5LbUHdCJ+3vC9G68r49gaoaQPg52Jx7+aC60q3QHIiysrDHQlQ3hiIevsmDl0RgzD+Y389q/hb34WA==",
      "cpu": [
        "x64"
      ],
      "license": "MIT",
      "optional": true,
      "os": [
        "linux"
      ],
      "engines": {
        "node": "^20.19.0 || >=22.12.0"
      }
    },
    "node_modules/@oxc-parser/binding-openharmony-arm64": {
      "version": "0.151.0",
      "resolved": "https://registry.npmjs.org/@oxc-parser/binding-openharmony-arm64/-/binding-openharmony-arm64-0.151.0.tgz",
      "integrity": "sha512-zp74XxS9WHSp6ct8LEoTa87F5pJOjFPG0o7dg2YCXaKo0raxabpFMC7NTbefIzWmF9KLIuJF/Rg6CPIu6P/Aaw==",
      "cpu": [
        "arm64"
      ],
      "license": "MIT",
      "optional": true,
      "os": [
        "openharmony"
      ],
      "engines": {
        "node": "^20.19.0 || >=22.12.0"
      }
    },
    "node_modules/@oxc-parser/binding-win32-arm64-msvc": {
      "version": "0.151.0",
      "resolved": "https://registry.npmjs.org/@oxc-parser/binding-win32-arm64-msvc/-/binding-win32-arm64-msvc-0.151.0.tgz",
      "integrity": "sha512-xtqapASyiSTv6rdm29kKFoDsxTo1oCmMfhPLGCDbZQ0Y6sU4m7IPEH05NgNEs2SrTErBuldkvS6e0Aqzmu0BgQ==",
      "cpu": [
        "arm64"
      ],
      "license": "MIT",
      "optional": true,
      "os": [
        "win32"
      ],
      "engines": {
        "node": "^20.19.0 || >=22.12.0"
      }
    },
    "node_modules/@oxc-parser/binding-win32-ia32-msvc": {
      "version": "0.151.0",
      "resolved": "https://registry.npmjs.org/@oxc-parser/binding-win32-ia32-msvc/-/binding-win32-ia32-msvc-0.151.0.tgz",
      "integrity": "sha512-9s4L40gxkolXQx1Q675XEZqgI4j+7+os4kZAFHdrDQVapjB9J2iodub7A8VAZ0cGTfhZNLH4D9L26fwEyqu3fg==",
      "cpu": [
        "ia32"
      ],
      "license": "MIT",
      "optional": true,
      "os": [
        "win32"
      ],
      "engines": {
        "node": "^20.19.0 || >=22.12.0"
      }
    },
    "node_modules/@oxc-parser/binding-win32-x64-msvc": {
      "version": "0.151.0",
      "resolved": "https://registry.npmjs.org/@oxc-parser/binding-win32-x64-msvc/-/binding-win32-x64-msvc-0.151.0.tgz",
      "integrity": "sha512-temy3DJf08taii88l13vfs5Om/HWECLSAj5Ca7ANMvocrekAgCuPC4GeHLi0mJ0cmGPznfeaaj80wqQoPIRYPA==",
      "cpu": [
        "x64"
      ],
      "license": "MIT",
      "optional": true,
      "os": [
        "win32"
      ],
      "engines": {
        "node": "^20.19.0 || >=22.12.0"
      }
    },
    "node_modules/@oxc-project/types": {
      "version": "0.151.0",
      "resolved": "https://registry.npmjs.org/@oxc-project/types/-/types-0.151.0.tgz",
      "integrity": "sha512-J1yXrIlNDZVzE3ada310xeAw7nH8yCAyLPuUIsjKatFPmfn5bS1oW+cM+QsGOtVWd5nhSpbwZWx/rue+r5Z+PA==",
      "license": "MIT",
      "funding": {
        "url": "https://github.com/sponsors/oxc-project"
      }
    },
    "node_modules/anatomiya": {
      "resolved": "plugins/anatomiya",
      "link": true
    },
    "node_modules/flow-remove-types": {
      "version": "2.333.0",
      "resolved": "https://registry.npmjs.org/flow-remove-types/-/flow-remove-types-2.333.0.tgz",
      "integrity": "sha512-AjGzgxMql/Qir2G3BdzU83q4ks+lDWO92EIi8Ekt3gKaGN1hTRqOOVoJO2zLnN20GOvMcsTxv1LQnCKeDeHZ9g==",
      "license": "MIT",
      "dependencies": {
        "hermes-parser": "0.36.1",
        "pirates": "^3.0.2",
        "vlq": "^0.2.1"
      },
      "bin": {
        "flow-node": "flow-node",
        "flow-remove-types": "flow-remove-types"
      },
      "engines": {
        "node": ">=4"
      }
    },
    "node_modules/hermes-estree": {
      "version": "0.36.1",
      "resolved": "https://registry.npmjs.org/hermes-estree/-/hermes-estree-0.36.1.tgz",
      "integrity": "sha512-guv1nQ6IJ7S83NRFPWc3SA7IBZrdNC9kapwOq6uXvF4wP+sDCgjzQbKPCoyYmoyZRzztF/n/c36l/rccCZSiCw==",
      "license": "MIT"
    },
    "node_modules/hermes-parser": {
      "version": "0.36.1",
      "resolved": "https://registry.npmjs.org/hermes-parser/-/hermes-parser-0.36.1.tgz",
      "integrity": "sha512-GApNk4zLHi2UWoWZZkx7LNCOSzLSc5lB55pZ/PhK7ycFeg7u5LcF88p/WbpIi1XUDtE0MpHE3uRR3u3KB7TjSQ==",
      "license": "MIT",
      "dependencies": {
        "hermes-estree": "0.36.1"
      }
    },
    "node_modules/ignore": {
      "version": "7.0.5",
      "resolved": "https://registry.npmjs.org/ignore/-/ignore-7.0.5.tgz",
      "integrity": "sha512-Hs59xBNfUIunMFgWAbGX5cq6893IbWg4KnrjbYwX3tx0ztorVgTDA6B2sxf8ejHJ4wz8BqGUMYlnzNBer5NvGg==",
      "dev": true,
      "license": "MIT",
      "engines": {
        "node": ">= 4"
      }
    },
    "node_modules/node-modules-regexp": {
      "version": "1.0.0",
      "resolved": "https://registry.npmjs.org/node-modules-regexp/-/node-modules-regexp-1.0.0.tgz",
      "integrity": "sha512-JMaRS9L4wSRIR+6PTVEikTrq/lMGEZR43a48ETeilY0Q0iMwVnccMFrUM1k+tNzmYuIU0Vh710bCUqHX+/+ctQ==",
      "license": "MIT",
      "engines": {
        "node": ">=0.10.0"
      }
    },
    "node_modules/oxc-parser": {
      "version": "0.151.0",
      "resolved": "https://registry.npmjs.org/oxc-parser/-/oxc-parser-0.151.0.tgz",
      "integrity": "sha512-cX++XpBDCtSe52KKH3rhbh6xIRidYPpyB2reI3azD4l+Y0ci4JZiUgVXyM/r9rrMnYZf9gdWi+9fvFl1wol7nA==",
      "license": "MIT",
      "dependencies": {
        "@oxc-project/types": "^0.151.0"
      },
      "engines": {
        "node": "^20.19.0 || >=22.12.0"
      },
      "funding": {
        "url": "https://github.com/sponsors/oxc-project"
      },
      "optionalDependencies": {
        "@oxc-parser/binding-android-arm-eabi": "0.151.0",
        "@oxc-parser/binding-android-arm64": "0.151.0",
        "@oxc-parser/binding-darwin-arm64": "0.151.0",
        "@oxc-parser/binding-darwin-x64": "0.151.0",
        "@oxc-parser/binding-freebsd-x64": "0.151.0",
        "@oxc-parser/binding-linux-arm-gnueabihf": "0.151.0",
        "@oxc-parser/binding-linux-arm-musleabihf": "0.151.0",
        "@oxc-parser/binding-linux-arm64-gnu": "0.151.0",
        "@oxc-parser/binding-linux-arm64-musl": "0.151.0",
        "@oxc-parser/binding-linux-ppc64-gnu": "0.151.0",
        "@oxc-parser/binding-linux-riscv64-gnu": "0.151.0",
        "@oxc-parser/binding-linux-riscv64-musl": "0.151.0",
        "@oxc-parser/binding-linux-s390x-gnu": "0.151.0",
        "@oxc-parser/binding-linux-x64-gnu": "0.151.0",
        "@oxc-parser/binding-linux-x64-musl": "0.151.0",
        "@oxc-parser/binding-openharmony-arm64": "0.151.0",
        "@oxc-parser/binding-win32-arm64-msvc": "0.151.0",
        "@oxc-parser/binding-win32-ia32-msvc": "0.151.0",
        "@oxc-parser/binding-win32-x64-msvc": "0.151.0"
      }
    },
    "node_modules/pirates": {
      "version": "3.0.2",
      "resolved": "https://registry.npmjs.org/pirates/-/pirates-3.0.2.tgz",
      "integrity": "sha512-c5CgUJq6H2k6MJz72Ak1F5sN9n9wlSlJyEnwvpm9/y3WB4E3pHBDT2c6PEiS1vyJvq2bUxUAIu0EGf8Cx4Ic7Q==",
      "license": "MIT",
      "dependencies": {
        "node-modules-regexp": "^1.0.0"
      },
      "engines": {
        "node": ">= 4"
      }
    },
    "node_modules/typescript": {
      "version": "5.9.3",
      "resolved": "https://registry.npmjs.org/typescript/-/typescript-5.9.3.tgz",
      "integrity": "sha512-jl1vZzPDinLr9eUt3J/t7V6FgNEw9QjvBPdysz9KfQDD41fQrC2Y4vKQdiaUpFT4bXlb1RHhLpp8wtm6M5TgSw==",
      "license": "Apache-2.0",
      "optional": true,
      "bin": {
        "tsc": "bin/tsc",
        "tsserver": "bin/tsserver"
      },
      "engines": {
        "node": ">=14.17"
      }
    },
    "node_modules/vlq": {
      "version": "0.2.3",
      "resolved": "https://registry.npmjs.org/vlq/-/vlq-0.2.3.tgz",
      "integrity": "sha512-DRibZL6DsNhIgYQ+wNdWDL2SL3bKPlVrRiBqV5yuMm++op8W4kGFtaQfCs4KEJn0wBZcHVHJ3eoywX8983k1ow==",
      "license": "MIT"
    },
    "plugins/anatomiya": {
      "version": "0.13.2",
      "license": "MIT",
      "dependencies": {
        "flow-remove-types": "^2.333.0",
        "oxc-parser": "^0.151.0"
      },
      "engines": {
        "node": ">=22"
      },
      "optionalDependencies": {
        "typescript": "^5.9.3"
      }
    }
  }
}
